// !$*UTF8*$!
{
	archiveVersion = 1;
	classes = {
	};
	objectVersion = 56;
	objects = {

/* Begin PBXBuildFile section */
		561432E42A7710D000C19E51 /* SchoolModel.swift in Sources */ = {isa = PBXBuildFile; fileRef = 561432E32A7710D000C19E51 /* SchoolModel.swift */; };
		563C45882A6C516400E1CB5E /* ItemDetailView.swift in Sources */ = {isa = PBXBuildFile; fileRef = 563C45872A6C516400E1CB5E /* ItemDetailView.swift */; };
		564FE0772A68DD370036C8B5 /* ItemView.swift in Sources */ = {isa = PBXBuildFile; fileRef = 564FE0762A68DD370036C8B5 /* ItemView.swift */; };
		5667CD6F2A67A44800B60348 /* CategoryView.swift in Sources */ = {isa = PBXBuildFile; fileRef = 5667CD6E2A67A44800B60348 /* CategoryView.swift */; };
		566897552A71709400AB46F9 /* TitleView.swift in Sources */ = {isa = PBXBuildFile; fileRef = 566897542A71709400AB46F9 /* TitleView.swift */; };
		566897572A71776600AB46F9 /* String.swift in Sources */ = {isa = PBXBuildFile; fileRef = 566897562A71776600AB46F9 /* String.swift */; };
		5673B5182A79CB0200DCF3AB /* Preview Assets.xcassets in Resources */ = {isa = PBXBuildFile; fileRef = 5673B5172A79CB0200DCF3AB /* Preview Assets.xcassets */; };
		5673B51D2A79CB1900DCF3AB /* ItemView.swift in Sources */ = {isa = PBXBuildFile; fileRef = 564FE0762A68DD370036C8B5 /* ItemView.swift */; };
		5673B51E2A79CB1900DCF3AB /* MenuView.swift in Sources */ = {isa = PBXBuildFile; fileRef = 569010552A6C738600B83D02 /* MenuView.swift */; };
		5673B51F2A79CB1900DCF3AB /* ContentView.swift in Sources */ = {isa = PBXBuildFile; fileRef = 56EDFD1F2A6792E7008680AE /* ContentView.swift */; };
		5673B5202A79CB1900DCF3AB /* CategoryView.swift in Sources */ = {isa = PBXBuildFile; fileRef = 5667CD6E2A67A44800B60348 /* CategoryView.swift */; };
		5673B5212A79CB1900DCF3AB /* TitleView.swift in Sources */ = {isa = PBXBuildFile; fileRef = 566897542A71709400AB46F9 /* TitleView.swift */; };
		5673B5222A79CB1900DCF3AB /* ItemDetailView.swift in Sources */ = {isa = PBXBuildFile; fileRef = 563C45872A6C516400E1CB5E /* ItemDetailView.swift */; };
		5673B5232A79CB1D00DCF3AB /* Wheelock_HallApp.swift in Sources */ = {isa = PBXBuildFile; fileRef = 56EDFD032A6781C9008680AE /* Wheelock_HallApp.swift */; };
		5673B5242A79CB1D00DCF3AB /* String.swift in Sources */ = {isa = PBXBuildFile; fileRef = 566897562A71776600AB46F9 /* String.swift */; };
		5673B5252A79CB2000DCF3AB /* SchoolModel.swift in Sources */ = {isa = PBXBuildFile; fileRef = 561432E32A7710D000C19E51 /* SchoolModel.swift */; };
		5673B5262A79CB2000DCF3AB /* MenuModel.swift in Sources */ = {isa = PBXBuildFile; fileRef = 56EDFD112A678217008680AE /* MenuModel.swift */; };
		5673B5272A79CB2000DCF3AB /* ApiCall.swift in Sources */ = {isa = PBXBuildFile; fileRef = 56EDFD132A67825F008680AE /* ApiCall.swift */; };
		5673B5282A79CB2000DCF3AB /* Assets.xcassets in Resources */ = {isa = PBXBuildFile; fileRef = 56EDFD072A6781CA008680AE /* Assets.xcassets */; };
		5673B5292A79CB2500DCF3AB /* Preview Assets.xcassets in Resources */ = {isa = PBXBuildFile; fileRef = 56EDFD0A2A6781CA008680AE /* Preview Assets.xcassets */; };
		569010562A6C738600B83D02 /* MenuView.swift in Sources */ = {isa = PBXBuildFile; fileRef = 569010552A6C738600B83D02 /* MenuView.swift */; };
		56EDFD042A6781C9008680AE /* Wheelock_HallApp.swift in Sources */ = {isa = PBXBuildFile; fileRef = 56EDFD032A6781C9008680AE /* Wheelock_HallApp.swift */; };
		56EDFD082A6781CA008680AE /* Assets.xcassets in Resources */ = {isa = PBXBuildFile; fileRef = 56EDFD072A6781CA008680AE /* Assets.xcassets */; };
		56EDFD0B2A6781CA008680AE /* Preview Assets.xcassets in Resources */ = {isa = PBXBuildFile; fileRef = 56EDFD0A2A6781CA008680AE /* Preview Assets.xcassets */; };
		56EDFD122A678217008680AE /* MenuModel.swift in Sources */ = {isa = PBXBuildFile; fileRef = 56EDFD112A678217008680AE /* MenuModel.swift */; };
		56EDFD142A67825F008680AE /* ApiCall.swift in Sources */ = {isa = PBXBuildFile; fileRef = 56EDFD132A67825F008680AE /* ApiCall.swift */; };
		56EDFD202A6792E7008680AE /* ContentView.swift in Sources */ = {isa = PBXBuildFile; fileRef = 56EDFD1F2A6792E7008680AE /* ContentView.swift */; };
/* End PBXBuildFile section */

/* Begin PBXFileReference section */
		561432E32A7710D000C19E51 /* SchoolModel.swift */ = {isa = PBXFileReference; lastKnownFileType = sourcecode.swift; path = SchoolModel.swift; sourceTree = "<group>"; };
		563C45872A6C516400E1CB5E /* ItemDetailView.swift */ = {isa = PBXFileReference; lastKnownFileType = sourcecode.swift; path = ItemDetailView.swift; sourceTree = "<group>"; };
		564FE0762A68DD370036C8B5 /* ItemView.swift */ = {isa = PBXFileReference; lastKnownFileType = sourcecode.swift; path = ItemView.swift; sourceTree = "<group>"; };
		5667CD6E2A67A44800B60348 /* CategoryView.swift */ = {isa = PBXFileReference; lastKnownFileType = sourcecode.swift; path = CategoryView.swift; sourceTree = "<group>"; };
		566897542A71709400AB46F9 /* TitleView.swift */ = {isa = PBXFileReference; lastKnownFileType = sourcecode.swift; path = TitleView.swift; sourceTree = "<group>"; };
		566897562A71776600AB46F9 /* String.swift */ = {isa = PBXFileReference; lastKnownFileType = sourcecode.swift; path = String.swift; sourceTree = "<group>"; };
		5673B50E2A79CB0200DCF3AB /* Wheelock Hall.app */ = {isa = PBXFileReference; explicitFileType = wrapper.application; includeInIndex = 0; path = "Wheelock Hall.app"; sourceTree = BUILT_PRODUCTS_DIR; };
		5673B5172A79CB0200DCF3AB /* Preview Assets.xcassets */ = {isa = PBXFileReference; lastKnownFileType = folder.assetcatalog; path = "Preview Assets.xcassets"; sourceTree = "<group>"; };
		5673B5192A79CB0200DCF3AB /* Wheelock_Hall_Mac.entitlements */ = {isa = PBXFileReference; lastKnownFileType = text.plist.entitlements; path = Wheelock_Hall_Mac.entitlements; sourceTree = "<group>"; };
		569010552A6C738600B83D02 /* MenuView.swift */ = {isa = PBXFileReference; lastKnownFileType = sourcecode.swift; path = MenuView.swift; sourceTree = "<group>"; };
		56EDFD002A6781C9008680AE /* Wheelock Hall.app */ = {isa = PBXFileReference; explicitFileType = wrapper.application; includeInIndex = 0; path = "Wheelock Hall.app"; sourceTree = BUILT_PRODUCTS_DIR; };
		56EDFD032A6781C9008680AE /* Wheelock_HallApp.swift */ = {isa = PBXFileReference; lastKnownFileType = sourcecode.swift; path = Wheelock_HallApp.swift; sourceTree = "<group>"; };
		56EDFD072A6781CA008680AE /* Assets.xcassets */ = {isa = PBXFileReference; lastKnownFileType = folder.assetcatalog; path = Assets.xcassets; sourceTree = "<group>"; };
		56EDFD0A2A6781CA008680AE /* Preview Assets.xcassets */ = {isa = PBXFileReference; lastKnownFileType = folder.assetcatalog; path = "Preview Assets.xcassets"; sourceTree = "<group>"; };
		56EDFD112A678217008680AE /* MenuModel.swift */ = {isa = PBXFileReference; lastKnownFileType = sourcecode.swift; path = MenuModel.swift; sourceTree = "<group>"; };
		56EDFD132A67825F008680AE /* ApiCall.swift */ = {isa = PBXFileReference; lastKnownFileType = sourcecode.swift; path = ApiCall.swift; sourceTree = "<group>"; };
		56EDFD1F2A6792E7008680AE /* ContentView.swift */ = {isa = PBXFileReference; fileEncoding = 4; lastKnownFileType = sourcecode.swift; path = ContentView.swift; sourceTree = "<group>"; };
/* End PBXFileReference section */

/* Begin PBXFrameworksBuildPhase section */
		5673B50B2A79CB0200DCF3AB /* Frameworks */ = {
			isa = PBXFrameworksBuildPhase;
			buildActionMask = 2147483647;
			files = (
			);
			runOnlyForDeploymentPostprocessing = 0;
		};
		56EDFCFD2A6781C9008680AE /* Frameworks */ = {
			isa = PBXFrameworksBuildPhase;
			buildActionMask = 2147483647;
			files = (
			);
			runOnlyForDeploymentPostprocessing = 0;
		};
/* End PBXFrameworksBuildPhase section */

/* Begin PBXGroup section */
		564FE0742A68DBE30036C8B5 /* Model */ = {
			isa = PBXGroup;
			children = (
				56EDFD112A678217008680AE /* MenuModel.swift */,
				561432E32A7710D000C19E51 /* SchoolModel.swift */,
				56EDFD132A67825F008680AE /* ApiCall.swift */,
			);
			path = Model;
			sourceTree = "<group>";
		};
		564FE0752A68DC030036C8B5 /* Views */ = {
			isa = PBXGroup;
			children = (
				56EDFD1F2A6792E7008680AE /* ContentView.swift */,
				5667CD6E2A67A44800B60348 /* CategoryView.swift */,
				564FE0762A68DD370036C8B5 /* ItemView.swift */,
				563C45872A6C516400E1CB5E /* ItemDetailView.swift */,
				569010552A6C738600B83D02 /* MenuView.swift */,
				566897542A71709400AB46F9 /* TitleView.swift */,
			);
			path = Views;
			sourceTree = "<group>";
		};
		5673B50F2A79CB0200DCF3AB /* Wheelock Hall Mac */ = {
			isa = PBXGroup;
			children = (
				5673B5192A79CB0200DCF3AB /* Wheelock_Hall_Mac.entitlements */,
				5673B5162A79CB0200DCF3AB /* Preview Content */,
			);
			path = "Wheelock Hall Mac";
			sourceTree = "<group>";
		};
		5673B5162A79CB0200DCF3AB /* Preview Content */ = {
			isa = PBXGroup;
			children = (
				5673B5172A79CB0200DCF3AB /* Preview Assets.xcassets */,
			);
			path = "Preview Content";
			sourceTree = "<group>";
		};
		56EDFCF72A6781C9008680AE = {
			isa = PBXGroup;
			children = (
				56EDFD022A6781C9008680AE /* Wheelock Hall */,
				5673B50F2A79CB0200DCF3AB /* Wheelock Hall Mac */,
				56EDFD012A6781C9008680AE /* Products */,
			);
			sourceTree = "<group>";
		};
		56EDFD012A6781C9008680AE /* Products */ = {
			isa = PBXGroup;
			children = (
				56EDFD002A6781C9008680AE /* Wheelock Hall.app */,
				5673B50E2A79CB0200DCF3AB /* Wheelock Hall.app */,
			);
			name = Products;
			sourceTree = "<group>";
		};
		56EDFD022A6781C9008680AE /* Wheelock Hall */ = {
			isa = PBXGroup;
			children = (
				56EDFD032A6781C9008680AE /* Wheelock_HallApp.swift */,
				566897562A71776600AB46F9 /* String.swift */,
				564FE0752A68DC030036C8B5 /* Views */,
				564FE0742A68DBE30036C8B5 /* Model */,
				56EDFD072A6781CA008680AE /* Assets.xcassets */,
				56EDFD092A6781CA008680AE /* Preview Content */,
			);
			path = "Wheelock Hall";
			sourceTree = "<group>";
		};
		56EDFD092A6781CA008680AE /* Preview Content */ = {
			isa = PBXGroup;
			children = (
				56EDFD0A2A6781CA008680AE /* Preview Assets.xcassets */,
			);
			path = "Preview Content";
			sourceTree = "<group>";
		};
/* End PBXGroup section */

/* Begin PBXNativeTarget section */
		5673B50D2A79CB0200DCF3AB /* Wheelock Hall Mac */ = {
			isa = PBXNativeTarget;
			buildConfigurationList = 5673B51C2A79CB0200DCF3AB /* Build configuration list for PBXNativeTarget "Wheelock Hall Mac" */;
			buildPhases = (
				5673B50A2A79CB0200DCF3AB /* Sources */,
				5673B50B2A79CB0200DCF3AB /* Frameworks */,
				5673B50C2A79CB0200DCF3AB /* Resources */,
			);
			buildRules = (
			);
			dependencies = (
			);
			name = "Wheelock Hall Mac";
			productName = "Wheelock Hall Mac";
			productReference = 5673B50E2A79CB0200DCF3AB /* Wheelock Hall.app */;
			productType = "com.apple.product-type.application";
		};
		56EDFCFF2A6781C9008680AE /* Wheelock Hall */ = {
			isa = PBXNativeTarget;
			buildConfigurationList = 56EDFD0E2A6781CA008680AE /* Build configuration list for PBXNativeTarget "Wheelock Hall" */;
			buildPhases = (
				56EDFCFC2A6781C9008680AE /* Sources */,
				56EDFCFD2A6781C9008680AE /* Frameworks */,
				56EDFCFE2A6781C9008680AE /* Resources */,
			);
			buildRules = (
			);
			dependencies = (
			);
			name = "Wheelock Hall";
			productName = "Wheelock Hall";
			productReference = 56EDFD002A6781C9008680AE /* Wheelock Hall.app */;
			productType = "com.apple.product-type.application";
		};
/* End PBXNativeTarget section */

/* Begin PBXProject section */
		56EDFCF82A6781C9008680AE /* Project object */ = {
			isa = PBXProject;
			attributes = {
				BuildIndependentTargetsInParallel = 1;
				LastSwiftUpdateCheck = 1430;
				LastUpgradeCheck = 1430;
				TargetAttributes = {
					5673B50D2A79CB0200DCF3AB = {
						CreatedOnToolsVersion = 14.3.1;
					};
					56EDFCFF2A6781C9008680AE = {
						CreatedOnToolsVersion = 14.3.1;
					};
				};
			};
			buildConfigurationList = 56EDFCFB2A6781C9008680AE /* Build configuration list for PBXProject "Wheelock Hall" */;
			compatibilityVersion = "Xcode 14.0";
			developmentRegion = en;
			hasScannedForEncodings = 0;
			knownRegions = (
				en,
				Base,
			);
			mainGroup = 56EDFCF72A6781C9008680AE;
			productRefGroup = 56EDFD012A6781C9008680AE /* Products */;
			projectDirPath = "";
			projectRoot = "";
			targets = (
				56EDFCFF2A6781C9008680AE /* Wheelock Hall */,
				5673B50D2A79CB0200DCF3AB /* Wheelock Hall Mac */,
			);
		};
/* End PBXProject section */

/* Begin PBXResourcesBuildPhase section */
		5673B50C2A79CB0200DCF3AB /* Resources */ = {
			isa = PBXResourcesBuildPhase;
			buildActionMask = 2147483647;
			files = (
				5673B5282A79CB2000DCF3AB /* Assets.xcassets in Resources */,
				5673B5292A79CB2500DCF3AB /* Preview Assets.xcassets in Resources */,
				5673B5182A79CB0200DCF3AB /* Preview Assets.xcassets in Resources */,
			);
			runOnlyForDeploymentPostprocessing = 0;
		};
		56EDFCFE2A6781C9008680AE /* Resources */ = {
			isa = PBXResourcesBuildPhase;
			buildActionMask = 2147483647;
			files = (
				56EDFD0B2A6781CA008680AE /* Preview Assets.xcassets in Resources */,
				56EDFD082A6781CA008680AE /* Assets.xcassets in Resources */,
			);
			runOnlyForDeploymentPostprocessing = 0;
		};
/* End PBXResourcesBuildPhase section */

/* Begin PBXSourcesBuildPhase section */
		5673B50A2A79CB0200DCF3AB /* Sources */ = {
			isa = PBXSourcesBuildPhase;
			buildActionMask = 2147483647;
			files = (
				5673B5222A79CB1900DCF3AB /* ItemDetailView.swift in Sources */,
				5673B5252A79CB2000DCF3AB /* SchoolModel.swift in Sources */,
				5673B5262A79CB2000DCF3AB /* MenuModel.swift in Sources */,
				5673B5232A79CB1D00DCF3AB /* Wheelock_HallApp.swift in Sources */,
				5673B5272A79CB2000DCF3AB /* ApiCall.swift in Sources */,
				5673B51D2A79CB1900DCF3AB /* ItemView.swift in Sources */,
				5673B51E2A79CB1900DCF3AB /* MenuView.swift in Sources */,
				5673B5202A79CB1900DCF3AB /* CategoryView.swift in Sources */,
				5673B51F2A79CB1900DCF3AB /* ContentView.swift in Sources */,
				5673B5242A79CB1D00DCF3AB /* String.swift in Sources */,
				5673B5212A79CB1900DCF3AB /* TitleView.swift in Sources */,
			);
			runOnlyForDeploymentPostprocessing = 0;
		};
		56EDFCFC2A6781C9008680AE /* Sources */ = {
			isa = PBXSourcesBuildPhase;
			buildActionMask = 2147483647;
			files = (
				56EDFD142A67825F008680AE /* ApiCall.swift in Sources */,
				569010562A6C738600B83D02 /* MenuView.swift in Sources */,
				566897572A71776600AB46F9 /* String.swift in Sources */,
				56EDFD042A6781C9008680AE /* Wheelock_HallApp.swift in Sources */,
				563C45882A6C516400E1CB5E /* ItemDetailView.swift in Sources */,
				56EDFD202A6792E7008680AE /* ContentView.swift in Sources */,
				566897552A71709400AB46F9 /* TitleView.swift in Sources */,
				564FE0772A68DD370036C8B5 /* ItemView.swift in Sources */,
				561432E42A7710D000C19E51 /* SchoolModel.swift in Sources */,
				56EDFD122A678217008680AE /* MenuModel.swift in Sources */,
				5667CD6F2A67A44800B60348 /* CategoryView.swift in Sources */,
			);
			runOnlyForDeploymentPostprocessing = 0;
		};
/* End PBXSourcesBuildPhase section */

/* Begin XCBuildConfiguration section */
		5673B51A2A79CB0200DCF3AB /* Debug */ = {
			isa = XCBuildConfiguration;
			buildSettings = {
				ASSETCATALOG_COMPILER_APPICON_NAME = AppIcon;
				ASSETCATALOG_COMPILER_GLOBAL_ACCENT_COLOR_NAME = AccentColor;
				CODE_SIGN_ENTITLEMENTS = "Wheelock Hall Mac/Wheelock_Hall_Mac.entitlements";
				CODE_SIGN_STYLE = Automatic;
				COMBINE_HIDPI_IMAGES = YES;
				CURRENT_PROJECT_VERSION = 1;
				DEVELOPMENT_ASSET_PATHS = "\"Wheelock Hall Mac/Preview Content\"";
				ENABLE_PREVIEWS = YES;
				GENERATE_INFOPLIST_FILE = YES;
				INFOPLIST_KEY_NSHumanReadableCopyright = "";
				LD_RUNPATH_SEARCH_PATHS = (
					"$(inherited)",
					"@executable_path/../Frameworks",
				);
				MACOSX_DEPLOYMENT_TARGET = 13.3;
				MARKETING_VERSION = 1.0;
				PRODUCT_BUNDLE_IDENTIFIER = "aidanc2004.Wheelock-Hall-Mac";
				PRODUCT_NAME = "Wheelock Hall";
				SDKROOT = macosx;
				SWIFT_EMIT_LOC_STRINGS = YES;
				SWIFT_VERSION = 5.0;
			};
			name = Debug;
		};
		5673B51B2A79CB0200DCF3AB /* Release */ = {
			isa = XCBuildConfiguration;
			buildSettings = {
				ASSETCATALOG_COMPILER_APPICON_NAME = AppIcon;
				ASSETCATALOG_COMPILER_GLOBAL_ACCENT_COLOR_NAME = AccentColor;
				CODE_SIGN_ENTITLEMENTS = "Wheelock Hall Mac/Wheelock_Hall_Mac.entitlements";
				CODE_SIGN_STYLE = Automatic;
				COMBINE_HIDPI_IMAGES = YES;
				CURRENT_PROJECT_VERSION = 1;
				DEVELOPMENT_ASSET_PATHS = "\"Wheelock Hall Mac/Preview Content\"";
				ENABLE_PREVIEWS = YES;
				GENERATE_INFOPLIST_FILE = YES;
				INFOPLIST_KEY_NSHumanReadableCopyright = "";
				LD_RUNPATH_SEARCH_PATHS = (
					"$(inherited)",
					"@executable_path/../Frameworks",
				);
				MACOSX_DEPLOYMENT_TARGET = 13.3;
				MARKETING_VERSION = 1.0;
				PRODUCT_BUNDLE_IDENTIFIER = "aidanc2004.Wheelock-Hall-Mac";
				PRODUCT_NAME = "Wheelock Hall";
				SDKROOT = macosx;
				SWIFT_EMIT_LOC_STRINGS = YES;
				SWIFT_VERSION = 5.0;
			};
			name = Release;
		};
		56EDFD0C2A6781CA008680AE /* Debug */ = {
			isa = XCBuildConfiguration;
			buildSettings = {
				ALWAYS_SEARCH_USER_PATHS = NO;
				CLANG_ANALYZER_NONNULL = YES;
				CLANG_ANALYZER_NUMBER_OBJECT_CONVERSION = YES_AGGRESSIVE;
				CLANG_CXX_LANGUAGE_STANDARD = "gnu++20";
				CLANG_ENABLE_MODULES = YES;
				CLANG_ENABLE_OBJC_ARC = YES;
				CLANG_ENABLE_OBJC_WEAK = YES;
				CLANG_WARN_BLOCK_CAPTURE_AUTORELEASING = YES;
				CLANG_WARN_BOOL_CONVERSION = YES;
				CLANG_WARN_COMMA = YES;
				CLANG_WARN_CONSTANT_CONVERSION = YES;
				CLANG_WARN_DEPRECATED_OBJC_IMPLEMENTATIONS = YES;
				CLANG_WARN_DIRECT_OBJC_ISA_USAGE = YES_ERROR;
				CLANG_WARN_DOCUMENTATION_COMMENTS = YES;
				CLANG_WARN_EMPTY_BODY = YES;
				CLANG_WARN_ENUM_CONVERSION = YES;
				CLANG_WARN_INFINITE_RECURSION = YES;
				CLANG_WARN_INT_CONVERSION = YES;
				CLANG_WARN_NON_LITERAL_NULL_CONVERSION = YES;
				CLANG_WARN_OBJC_IMPLICIT_RETAIN_SELF = YES;
				CLANG_WARN_OBJC_LITERAL_CONVERSION = YES;
				CLANG_WARN_OBJC_ROOT_CLASS = YES_ERROR;
				CLANG_WARN_QUOTED_INCLUDE_IN_FRAMEWORK_HEADER = YES;
				CLANG_WARN_RANGE_LOOP_ANALYSIS = YES;
				CLANG_WARN_STRICT_PROTOTYPES = YES;
				CLANG_WARN_SUSPICIOUS_MOVE = YES;
				CLANG_WARN_UNGUARDED_AVAILABILITY = YES_AGGRESSIVE;
				CLANG_WARN_UNREACHABLE_CODE = YES;
				CLANG_WARN__DUPLICATE_METHOD_MATCH = YES;
				COPY_PHASE_STRIP = NO;
				DEBUG_INFORMATION_FORMAT = dwarf;
				ENABLE_STRICT_OBJC_MSGSEND = YES;
				ENABLE_TESTABILITY = YES;
				GCC_C_LANGUAGE_STANDARD = gnu11;
				GCC_DYNAMIC_NO_PIC = NO;
				GCC_NO_COMMON_BLOCKS = YES;
				GCC_OPTIMIZATION_LEVEL = 0;
				GCC_PREPROCESSOR_DEFINITIONS = (
					"DEBUG=1",
					"$(inherited)",
				);
				GCC_WARN_64_TO_32_BIT_CONVERSION = YES;
				GCC_WARN_ABOUT_RETURN_TYPE = YES_ERROR;
				GCC_WARN_UNDECLARED_SELECTOR = YES;
				GCC_WARN_UNINITIALIZED_AUTOS = YES_AGGRESSIVE;
				GCC_WARN_UNUSED_FUNCTION = YES;
				GCC_WARN_UNUSED_VARIABLE = YES;
				IPHONEOS_DEPLOYMENT_TARGET = 16.4;
				MTL_ENABLE_DEBUG_INFO = INCLUDE_SOURCE;
				MTL_FAST_MATH = YES;
				ONLY_ACTIVE_ARCH = YES;
				SDKROOT = iphoneos;
				SWIFT_ACTIVE_COMPILATION_CONDITIONS = DEBUG;
				SWIFT_OPTIMIZATION_LEVEL = "-Onone";
			};
			name = Debug;
		};
		56EDFD0D2A6781CA008680AE /* Release */ = {
			isa = XCBuildConfiguration;
			buildSettings = {
				ALWAYS_SEARCH_USER_PATHS = NO;
				CLANG_ANALYZER_NONNULL = YES;
				CLANG_ANALYZER_NUMBER_OBJECT_CONVERSION = YES_AGGRESSIVE;
				CLANG_CXX_LANGUAGE_STANDARD = "gnu++20";
				CLANG_ENABLE_MODULES = YES;
				CLANG_ENABLE_OBJC_ARC = YES;
				CLANG_ENABLE_OBJC_WEAK = YES;
				CLANG_WARN_BLOCK_CAPTURE_AUTORELEASING = YES;
				CLANG_WARN_BOOL_CONVERSION = YES;
				CLANG_WARN_COMMA = YES;
				CLANG_WARN_CONSTANT_CONVERSION = YES;
				CLANG_WARN_DEPRECATED_OBJC_IMPLEMENTATIONS = YES;
				CLANG_WARN_DIRECT_OBJC_ISA_USAGE = YES_ERROR;
				CLANG_WARN_DOCUMENTATION_COMMENTS = YES;
				CLANG_WARN_EMPTY_BODY = YES;
				CLANG_WARN_ENUM_CONVERSION = YES;
				CLANG_WARN_INFINITE_RECURSION = YES;
				CLANG_WARN_INT_CONVERSION = YES;
				CLANG_WARN_NON_LITERAL_NULL_CONVERSION = YES;
				CLANG_WARN_OBJC_IMPLICIT_RETAIN_SELF = YES;
				CLANG_WARN_OBJC_LITERAL_CONVERSION = YES;
				CLANG_WARN_OBJC_ROOT_CLASS = YES_ERROR;
				CLANG_WARN_QUOTED_INCLUDE_IN_FRAMEWORK_HEADER = YES;
				CLANG_WARN_RANGE_LOOP_ANALYSIS = YES;
				CLANG_WARN_STRICT_PROTOTYPES = YES;
				CLANG_WARN_SUSPICIOUS_MOVE = YES;
				CLANG_WARN_UNGUARDED_AVAILABILITY = YES_AGGRESSIVE;
				CLANG_WARN_UNREACHABLE_CODE = YES;
				CLANG_WARN__DUPLICATE_METHOD_MATCH = YES;
				COPY_PHASE_STRIP = NO;
				DEBUG_INFORMATION_FORMAT = "dwarf-with-dsym";
				ENABLE_NS_ASSERTIONS = NO;
				ENABLE_STRICT_OBJC_MSGSEND = YES;
				GCC_C_LANGUAGE_STANDARD = gnu11;
				GCC_NO_COMMON_BLOCKS = YES;
				GCC_WARN_64_TO_32_BIT_CONVERSION = YES;
				GCC_WARN_ABOUT_RETURN_TYPE = YES_ERROR;
				GCC_WARN_UNDECLARED_SELECTOR = YES;
				GCC_WARN_UNINITIALIZED_AUTOS = YES_AGGRESSIVE;
				GCC_WARN_UNUSED_FUNCTION = YES;
				GCC_WARN_UNUSED_VARIABLE = YES;
				IPHONEOS_DEPLOYMENT_TARGET = 16.4;
				MTL_ENABLE_DEBUG_INFO = NO;
				MTL_FAST_MATH = YES;
				SDKROOT = iphoneos;
				SWIFT_COMPILATION_MODE = wholemodule;
				SWIFT_OPTIMIZATION_LEVEL = "-O";
				VALIDATE_PRODUCT = YES;
			};
			name = Release;
		};
		56EDFD0F2A6781CA008680AE /* Debug */ = {
			isa = XCBuildConfiguration;
			buildSettings = {
				ASSETCATALOG_COMPILER_APPICON_NAME = AppIcon;
				ASSETCATALOG_COMPILER_GLOBAL_ACCENT_COLOR_NAME = AccentColor;
				CODE_SIGN_STYLE = Automatic;
				CURRENT_PROJECT_VERSION = 1;
				DEVELOPMENT_ASSET_PATHS = "\"Wheelock Hall/Preview Content\"";
				DEVELOPMENT_TEAM = FM6JV7N496;
				ENABLE_PREVIEWS = YES;
				GENERATE_INFOPLIST_FILE = YES;
				INFOPLIST_KEY_UIApplicationSceneManifest_Generation = YES;
				INFOPLIST_KEY_UIApplicationSupportsIndirectInputEvents = YES;
				INFOPLIST_KEY_UILaunchScreen_Generation = YES;
				INFOPLIST_KEY_UISupportedInterfaceOrientations_iPad = "UIInterfaceOrientationPortrait UIInterfaceOrientationPortraitUpsideDown UIInterfaceOrientationLandscapeLeft UIInterfaceOrientationLandscapeRight";
				INFOPLIST_KEY_UISupportedInterfaceOrientations_iPhone = "UIInterfaceOrientationPortrait UIInterfaceOrientationLandscapeLeft UIInterfaceOrientationLandscapeRight";
				LD_RUNPATH_SEARCH_PATHS = (
					"$(inherited)",
					"@executable_path/Frameworks",
				);
				MARKETING_VERSION = 1.0;
				PRODUCT_BUNDLE_IDENTIFIER = "aidanc2004.Wheelock-Hall-iOS";
				PRODUCT_NAME = "$(TARGET_NAME)";
				SWIFT_EMIT_LOC_STRINGS = YES;
				SWIFT_VERSION = 5.0;
				TARGETED_DEVICE_FAMILY = "1,2";
			};
			name = Debug;
		};
		56EDFD102A6781CA008680AE /* Release */ = {
			isa = XCBuildConfiguration;
			buildSettings = {
				ASSETCATALOG_COMPILER_APPICON_NAME = AppIcon;
				ASSETCATALOG_COMPILER_GLOBAL_ACCENT_COLOR_NAME = AccentColor;
				CODE_SIGN_STYLE = Automatic;
				CURRENT_PROJECT_VERSION = 1;
				DEVELOPMENT_ASSET_PATHS = "\"Wheelock Hall/Preview Content\"";
				DEVELOPMENT_TEAM = FM6JV7N496;
				ENABLE_PREVIEWS = YES;
				GENERATE_INFOPLIST_FILE = YES;
				INFOPLIST_KEY_UIApplicationSceneManifest_Generation = YES;
				INFOPLIST_KEY_UIApplicationSupportsIndirectInputEvents = YES;
				INFOPLIST_KEY_UILaunchScreen_Generation = YES;
				INFOPLIST_KEY_UISupportedInterfaceOrientations_iPad = "UIInterfaceOrientationPortrait UIInterfaceOrientationPortraitUpsideDown UIInterfaceOrientationLandscapeLeft UIInterfaceOrientationLandscapeRight";
				INFOPLIST_KEY_UISupportedInterfaceOrientations_iPhone = "UIInterfaceOrientationPortrait UIInterfaceOrientationLandscapeLeft UIInterfaceOrientationLandscapeRight";
				LD_RUNPATH_SEARCH_PATHS = (
					"$(inherited)",
					"@executable_path/Frameworks",
				);
				MARKETING_VERSION = 1.0;
				PRODUCT_BUNDLE_IDENTIFIER = "aidanc2004.Wheelock-Hall-iOS";
				PRODUCT_NAME = "$(TARGET_NAME)";
				SWIFT_EMIT_LOC_STRINGS = YES;
				SWIFT_VERSION = 5.0;
				TARGETED_DEVICE_FAMILY = "1,2";
			};
			name = Release;
		};
/* End XCBuildConfiguration section */

/* Begin XCConfigurationList section */
		5673B51C2A79CB0200DCF3AB /* Build configuration list for PBXNativeTarget "Wheelock Hall Mac" */ = {
			isa = XCConfigurationList;
			buildConfigurations = (
				5673B51A2A79CB0200DCF3AB /* Debug */,
				5673B51B2A79CB0200DCF3AB /* Release */,
			);
			defaultConfigurationIsVisible = 0;
			defaultConfigurationName = Release;
		};
		56EDFCFB2A6781C9008680AE /* Build configuration list for PBXProject "Wheelock Hall" */ = {
			isa = XCConfigurationList;
			buildConfigurations = (
				56EDFD0C2A6781CA008680AE /* Debug */,
				56EDFD0D2A6781CA008680AE /* Release */,
			);
			defaultConfigurationIsVisible = 0;
			defaultConfigurationName = Release;
		};
		56EDFD0E2A6781CA008680AE /* Build configuration list for PBXNativeTarget "Wheelock Hall" */ = {
			isa = XCConfigurationList;
			buildConfigurations = (
				56EDFD0F2A6781CA008680AE /* Debug */,
				56EDFD102A6781CA008680AE /* Release */,
			);
			defaultConfigurationIsVisible = 0;
			defaultConfigurationName = Release;
		};
/* End XCConfigurationList section */
	};
	rootObject = 56EDFCF82A6781C9008680AE /* Project object */;
}
